
Microsoft Visual Studio Solution File, Format Version 12.00
# Visual Studio 14
VisualStudioVersion = 14.0.25123.0
MinimumVisualStudioVersion = 10.0.40219.1
Project("{FAE04EC0-301F-11D3-BF4B-00C04F79EFBC}") = "DBConnection", "DBConnection\DBConnection.csproj", "{B38EC97D-C4E5-4A61-A976-26A86B62FB37}"
EndProject
Global
	GlobalSection(SolutionConfigurationPlatforms) = preSolution
		Debug|Any CPU = Debug|Any CPU
		Release|Any CPU = Release|Any CPU
	EndGlobalSection
	GlobalSection(ProjectConfigurationPlatforms) = postSolution
		{B38EC97D-C4E5-4A61-A976-26A86B62FB37}.Debug|Any CPU.ActiveCfg = Debug|Any CPU
		{B38EC97D-C4E5-4A61-A976-26A86B62FB37}.Debug|Any CPU.Build.0 = Debug|Any CPU
		{B38EC97D-C4E5-4A61-A976-26A86B62FB37}.Release|Any CPU.ActiveCfg = Release|Any CPU
		{B38EC97D-C4E5-4A61-A976-26A86B62FB37}.Release|Any CPU.Build.0 = Release|Any CPU
	EndGlobalSection
	GlobalSection(SolutionProperties) = preSolution
		HideSolutionNode = FALSE
	EndGlobalSection
EndGlobal
