
Microsoft Visual Studio Solution File, Format Version 12.00
# Visual Studio 14
VisualStudioVersion = 14.0.25123.0
MinimumVisualStudioVersion = 10.0.40219.1
Project("{FAE04EC0-301F-11D3-BF4B-00C04F79EFBC}") = "WCFAuthentication", "WCFAuthentication\WCFAuthentication.csproj", "{A76BFD55-5000-4678-8136-6D02F191F724}"
EndProject
Project("{FAE04EC0-301F-11D3-BF4B-00C04F79EFBC}") = "WCFAuthenticationClient1", "WCFAuthenticationClient1\WCFAuthenticationClient1.csproj", "{00F040BB-EC7A-42E0-B72D-EB018DDD236C}"
	ProjectSection(ProjectDependencies) = postProject
		{A76BFD55-5000-4678-8136-6D02F191F724} = {A76BFD55-5000-4678-8136-6D02F191F724}
	EndProjectSection
EndProject
Global
	GlobalSection(SolutionConfigurationPlatforms) = preSolution
		Debug|Any CPU = Debug|Any CPU
		Release|Any CPU = Release|Any CPU
	EndGlobalSection
	GlobalSection(ProjectConfigurationPlatforms) = postSolution
		{A76BFD55-5000-4678-8136-6D02F191F724}.Debug|Any CPU.ActiveCfg = Debug|Any CPU
		{A76BFD55-5000-4678-8136-6D02F191F724}.Debug|Any CPU.Build.0 = Debug|Any CPU
		{A76BFD55-5000-4678-8136-6D02F191F724}.Release|Any CPU.ActiveCfg = Release|Any CPU
		{A76BFD55-5000-4678-8136-6D02F191F724}.Release|Any CPU.Build.0 = Release|Any CPU
		{00F040BB-EC7A-42E0-B72D-EB018DDD236C}.Debug|Any CPU.ActiveCfg = Debug|Any CPU
		{00F040BB-EC7A-42E0-B72D-EB018DDD236C}.Debug|Any CPU.Build.0 = Debug|Any CPU
		{00F040BB-EC7A-42E0-B72D-EB018DDD236C}.Release|Any CPU.ActiveCfg = Release|Any CPU
		{00F040BB-EC7A-42E0-B72D-EB018DDD236C}.Release|Any CPU.Build.0 = Release|Any CPU
	EndGlobalSection
	GlobalSection(SolutionProperties) = preSolution
		HideSolutionNode = FALSE
	EndGlobalSection
EndGlobal
